lockfileVersion: '6.0'

settings:
  autoInstallPeers: true
  excludeLinksFromLockfile: false

dependencies:
  '@types/jwt-decode':
    specifier: ^3.1.0
    version: 3.1.0
  jwt-decode:
    specifier: ^4.0.0
    version: 4.0.0

packages:

  /@types/jwt-decode@3.1.0:
    resolution: {integrity: sha512-tthwik7TKkou3mVnBnvVuHnHElbjtdbM63pdBCbZTirCt3WAdM73Y79mOri7+ljsS99ZVwUFZHLMxJuJnv/z1w==}
    deprecated: This is a stub types definition. jwt-decode provides its own type definitions, so you do not need this installed.
    dependencies:
      jwt-decode: 4.0.0
    dev: false

  /jwt-decode@4.0.0:
    resolution: {integrity: sha512-+KJGIyHgkGuIq3IEBNftfhW/LfWhXUIY6OmyVWjliu5KH1y0fw7VQ8YndE2O4qZdMSd9SqbnC8GOcZEy0Om7sA==}
    engines: {node: '>=18'}
    dev: false
